// !$*UTF8*$!
{
	archiveVersion = 1;
	classes = {
	};
	objectVersion = 55;
	objects = {

/* Begin PBXBuildFile section */
		3408CE4828C515A10005B663 /* DetailNewsViewController.swift in Sources */ = {isa = PBXBuildFile; fileRef = 3408CE4728C515A10005B663 /* DetailNewsViewController.swift */; };
		341978B128C0FDC8002536F5 /* AppDelegate.swift in Sources */ = {isa = PBXBuildFile; fileRef = 341978B028C0FDC8002536F5 /* AppDelegate.swift */; };
		341978B328C0FDC8002536F5 /* SceneDelegate.swift in Sources */ = {isa = PBXBuildFile; fileRef = 341978B228C0FDC8002536F5 /* SceneDelegate.swift */; };
		341978B528C0FDC8002536F5 /* NewsFeedViewController.swift in Sources */ = {isa = PBXBuildFile; fileRef = 341978B428C0FDC8002536F5 /* NewsFeedViewController.swift */; };
		341978B828C0FDC8002536F5 /* Main.storyboard in Resources */ = {isa = PBXBuildFile; fileRef = 341978B628C0FDC8002536F5 /* Main.storyboard */; };
		341978BB28C0FDC9002536F5 /* NewNews.xcdatamodeld in Sources */ = {isa = PBXBuildFile; fileRef = 341978B928C0FDC9002536F5 /* NewNews.xcdatamodeld */; };
		341978BD28C0FDCB002536F5 /* Assets.xcassets in Resources */ = {isa = PBXBuildFile; fileRef = 341978BC28C0FDCB002536F5 /* Assets.xcassets */; };
		341978C028C0FDCB002536F5 /* LaunchScreen.storyboard in Resources */ = {isa = PBXBuildFile; fileRef = 341978BE28C0FDCB002536F5 /* LaunchScreen.storyboard */; };
		341978D828C24BEF002536F5 /* SDWebImage in Frameworks */ = {isa = PBXBuildFile; productRef = 341978D728C24BEF002536F5 /* SDWebImage */; };
		341978DC28C24C9B002536F5 /* NewsManager.swift in Sources */ = {isa = PBXBuildFile; fileRef = 341978DB28C24C9B002536F5 /* NewsManager.swift */; };
		341978DE28C24D89002536F5 /* NewsData.swift in Sources */ = {isa = PBXBuildFile; fileRef = 341978DD28C24D89002536F5 /* NewsData.swift */; };
		341978E228C25229002536F5 /* NewsTableViewCell.swift in Sources */ = {isa = PBXBuildFile; fileRef = 341978E128C25229002536F5 /* NewsTableViewCell.swift */; };
		341978E428C35C57002536F5 /* SearchNewsViewController.swift in Sources */ = {isa = PBXBuildFile; fileRef = 341978E328C35C57002536F5 /* SearchNewsViewController.swift */; };
		3439102F28CA6819009455EE /* UIViewController.swift in Sources */ = {isa = PBXBuildFile; fileRef = 3439102E28CA6819009455EE /* UIViewController.swift */; };
		3439103128CA7351009455EE /* UIButton.swift in Sources */ = {isa = PBXBuildFile; fileRef = 3439103028CA7351009455EE /* UIButton.swift */; };
		3445A67028C3991F004929BD /* NewsCategoryViewController.swift in Sources */ = {isa = PBXBuildFile; fileRef = 3445A66F28C3991F004929BD /* NewsCategoryViewController.swift */; };
		34ABC05428C5F90F00045ABB /* WebViewController.swift in Sources */ = {isa = PBXBuildFile; fileRef = 34ABC05328C5F90F00045ABB /* WebViewController.swift */; };
		34ABC05628C5FA8A00045ABB /* SavedNewsTableViewController.swift in Sources */ = {isa = PBXBuildFile; fileRef = 34ABC05528C5FA8A00045ABB /* SavedNewsTableViewController.swift */; };
		34D61DC228C8D558004F0B1F /* UITableView.swift in Sources */ = {isa = PBXBuildFile; fileRef = 34D61DC128C8D558004F0B1F /* UITableView.swift */; };
		34D61DC428C8D603004F0B1F /* Date.swift in Sources */ = {isa = PBXBuildFile; fileRef = 34D61DC328C8D603004F0B1F /* Date.swift */; };
		34E2D7BA28C5FF3300E39300 /* SavedNewsTableViewCell.swift in Sources */ = {isa = PBXBuildFile; fileRef = 34E2D7B928C5FF3300E39300 /* SavedNewsTableViewCell.swift */; };
		34F4500A28C497C900287826 /* WeatherManager.swift in Sources */ = {isa = PBXBuildFile; fileRef = 34F4500928C497C900287826 /* WeatherManager.swift */; };
		34F4500C28C497D700287826 /* WeatherData.swift in Sources */ = {isa = PBXBuildFile; fileRef = 34F4500B28C497D700287826 /* WeatherData.swift */; };
		34F4500E28C4ADE600287826 /* WeatherModel.swift in Sources */ = {isa = PBXBuildFile; fileRef = 34F4500D28C4ADE600287826 /* WeatherModel.swift */; };
		34F4501028C4D53800287826 /* DetailWeatherViewController.swift in Sources */ = {isa = PBXBuildFile; fileRef = 34F4500F28C4D53800287826 /* DetailWeatherViewController.swift */; };
/* End PBXBuildFile section */

/* Begin PBXFileReference section */
		3408CE4728C515A10005B663 /* DetailNewsViewController.swift */ = {isa = PBXFileReference; lastKnownFileType = sourcecode.swift; path = DetailNewsViewController.swift; sourceTree = "<group>"; };
		341978AD28C0FDC8002536F5 /* NewNews.app */ = {isa = PBXFileReference; explicitFileType = wrapper.application; includeInIndex = 0; path = NewNews.app; sourceTree = BUILT_PRODUCTS_DIR; };
		341978B028C0FDC8002536F5 /* AppDelegate.swift */ = {isa = PBXFileReference; lastKnownFileType = sourcecode.swift; path = AppDelegate.swift; sourceTree = "<group>"; };
		341978B228C0FDC8002536F5 /* SceneDelegate.swift */ = {isa = PBXFileReference; lastKnownFileType = sourcecode.swift; path = SceneDelegate.swift; sourceTree = "<group>"; };
		341978B428C0FDC8002536F5 /* NewsFeedViewController.swift */ = {isa = PBXFileReference; lastKnownFileType = sourcecode.swift; path = NewsFeedViewController.swift; sourceTree = "<group>"; };
		341978B728C0FDC8002536F5 /* Base */ = {isa = PBXFileReference; lastKnownFileType = file.storyboard; name = Base; path = Base.lproj/Main.storyboard; sourceTree = "<group>"; };
		341978BA28C0FDC9002536F5 /* NewNews.xcdatamodel */ = {isa = PBXFileReference; lastKnownFileType = wrapper.xcdatamodel; path = NewNews.xcdatamodel; sourceTree = "<group>"; };
		341978BC28C0FDCB002536F5 /* Assets.xcassets */ = {isa = PBXFileReference; lastKnownFileType = folder.assetcatalog; path = Assets.xcassets; sourceTree = "<group>"; };
		341978BF28C0FDCB002536F5 /* Base */ = {isa = PBXFileReference; lastKnownFileType = file.storyboard; name = Base; path = Base.lproj/LaunchScreen.storyboard; sourceTree = "<group>"; };
		341978C128C0FDCB002536F5 /* Info.plist */ = {isa = PBXFileReference; lastKnownFileType = text.plist.xml; path = Info.plist; sourceTree = "<group>"; };
		341978DB28C24C9B002536F5 /* NewsManager.swift */ = {isa = PBXFileReference; lastKnownFileType = sourcecode.swift; path = NewsManager.swift; sourceTree = "<group>"; };
		341978DD28C24D89002536F5 /* NewsData.swift */ = {isa = PBXFileReference; lastKnownFileType = sourcecode.swift; path = NewsData.swift; sourceTree = "<group>"; };
		341978E128C25229002536F5 /* NewsTableViewCell.swift */ = {isa = PBXFileReference; lastKnownFileType = sourcecode.swift; path = NewsTableViewCell.swift; sourceTree = "<group>"; };
		341978E328C35C57002536F5 /* SearchNewsViewController.swift */ = {isa = PBXFileReference; lastKnownFileType = sourcecode.swift; path = SearchNewsViewController.swift; sourceTree = "<group>"; };
		3439102E28CA6819009455EE /* UIViewController.swift */ = {isa = PBXFileReference; lastKnownFileType = sourcecode.swift; path = UIViewController.swift; sourceTree = "<group>"; };
		3439103028CA7351009455EE /* UIButton.swift */ = {isa = PBXFileReference; lastKnownFileType = sourcecode.swift; path = UIButton.swift; sourceTree = "<group>"; };
		3445A66F28C3991F004929BD /* NewsCategoryViewController.swift */ = {isa = PBXFileReference; lastKnownFileType = sourcecode.swift; path = NewsCategoryViewController.swift; sourceTree = "<group>"; };
		34ABC05328C5F90F00045ABB /* WebViewController.swift */ = {isa = PBXFileReference; lastKnownFileType = sourcecode.swift; path = WebViewController.swift; sourceTree = "<group>"; };
		34ABC05528C5FA8A00045ABB /* SavedNewsTableViewController.swift */ = {isa = PBXFileReference; lastKnownFileType = sourcecode.swift; path = SavedNewsTableViewController.swift; sourceTree = "<group>"; };
		34D61DC128C8D558004F0B1F /* UITableView.swift */ = {isa = PBXFileReference; lastKnownFileType = sourcecode.swift; path = UITableView.swift; sourceTree = "<group>"; };
		34D61DC328C8D603004F0B1F /* Date.swift */ = {isa = PBXFileReference; lastKnownFileType = sourcecode.swift; path = Date.swift; sourceTree = "<group>"; };
		34E2D7B928C5FF3300E39300 /* SavedNewsTableViewCell.swift */ = {isa = PBXFileReference; lastKnownFileType = sourcecode.swift; path = SavedNewsTableViewCell.swift; sourceTree = "<group>"; };
		34F4500928C497C900287826 /* WeatherManager.swift */ = {isa = PBXFileReference; lastKnownFileType = sourcecode.swift; path = WeatherManager.swift; sourceTree = "<group>"; };
		34F4500B28C497D700287826 /* WeatherData.swift */ = {isa = PBXFileReference; lastKnownFileType = sourcecode.swift; path = WeatherData.swift; sourceTree = "<group>"; };
		34F4500D28C4ADE600287826 /* WeatherModel.swift */ = {isa = PBXFileReference; lastKnownFileType = sourcecode.swift; path = WeatherModel.swift; sourceTree = "<group>"; };
		34F4500F28C4D53800287826 /* DetailWeatherViewController.swift */ = {isa = PBXFileReference; lastKnownFileType = sourcecode.swift; path = DetailWeatherViewController.swift; sourceTree = "<group>"; };
/* End PBXFileReference section */

/* Begin PBXFrameworksBuildPhase section */
		341978AA28C0FDC8002536F5 /* Frameworks */ = {
			isa = PBXFrameworksBuildPhase;
			buildActionMask = 2147483647;
			files = (
				341978D828C24BEF002536F5 /* SDWebImage in Frameworks */,
			);
			runOnlyForDeploymentPostprocessing = 0;
		};
/* End PBXFrameworksBuildPhase section */

/* Begin PBXGroup section */
		341978A428C0FDC8002536F5 = {
			isa = PBXGroup;
			children = (
				341978AF28C0FDC8002536F5 /* NewNews */,
				341978AE28C0FDC8002536F5 /* Products */,
			);
			sourceTree = "<group>";
		};
		341978AE28C0FDC8002536F5 /* Products */ = {
			isa = PBXGroup;
			children = (
				341978AD28C0FDC8002536F5 /* NewNews.app */,
			);
			name = Products;
			sourceTree = "<group>";
		};
		341978AF28C0FDC8002536F5 /* NewNews */ = {
			isa = PBXGroup;
			children = (
				34D61DC028C8D53A004F0B1F /* Extension */,
				341978CB28C0FE1B002536F5 /* Model */,
				341978C828C0FDFF002536F5 /* AppDelegate */,
				341978CA28C0FE14002536F5 /* Controller */,
				341978C928C0FE0D002536F5 /* View */,
				341978BC28C0FDCB002536F5 /* Assets.xcassets */,
				341978C128C0FDCB002536F5 /* Info.plist */,
				341978B928C0FDC9002536F5 /* NewNews.xcdatamodeld */,
			);
			path = NewNews;
			sourceTree = "<group>";
		};
		341978C828C0FDFF002536F5 /* AppDelegate */ = {
			isa = PBXGroup;
			children = (
				341978B028C0FDC8002536F5 /* AppDelegate.swift */,
				341978B228C0FDC8002536F5 /* SceneDelegate.swift */,
			);
			path = AppDelegate;
			sourceTree = "<group>";
		};
		341978C928C0FE0D002536F5 /* View */ = {
			isa = PBXGroup;
			children = (
				341978B628C0FDC8002536F5 /* Main.storyboard */,
				341978BE28C0FDCB002536F5 /* LaunchScreen.storyboard */,
			);
			path = View;
			sourceTree = "<group>";
		};
		341978CA28C0FE14002536F5 /* Controller */ = {
			isa = PBXGroup;
			children = (
				34E2D7BB28C6390E00E39300 /* NewsFeed */,
				34E2D7BC28C6393B00E39300 /* SavedNewsFeed */,
				3408CE4728C515A10005B663 /* DetailNewsViewController.swift */,
				341978E328C35C57002536F5 /* SearchNewsViewController.swift */,
				3445A66F28C3991F004929BD /* NewsCategoryViewController.swift */,
				34F4500F28C4D53800287826 /* DetailWeatherViewController.swift */,
				34ABC05328C5F90F00045ABB /* WebViewController.swift */,
			);
			path = Controller;
			sourceTree = "<group>";
		};
		341978CB28C0FE1B002536F5 /* Model */ = {
			isa = PBXGroup;
			children = (
				34F4500828C497B800287826 /* Weather */,
				341978DA28C24C5A002536F5 /* News */,
			);
			path = Model;
			sourceTree = "<group>";
		};
		341978DA28C24C5A002536F5 /* News */ = {
			isa = PBXGroup;
			children = (
				341978DB28C24C9B002536F5 /* NewsManager.swift */,
				341978DD28C24D89002536F5 /* NewsData.swift */,
			);
			path = News;
			sourceTree = "<group>";
		};
		34D61DC028C8D53A004F0B1F /* Extension */ = {
			isa = PBXGroup;
			children = (
				34D61DC128C8D558004F0B1F /* UITableView.swift */,
				34D61DC328C8D603004F0B1F /* Date.swift */,
				3439102E28CA6819009455EE /* UIViewController.swift */,
				3439103028CA7351009455EE /* UIButton.swift */,
			);
			path = Extension;
			sourceTree = "<group>";
		};
		34E2D7BB28C6390E00E39300 /* NewsFeed */ = {
			isa = PBXGroup;
			children = (
				341978B428C0FDC8002536F5 /* NewsFeedViewController.swift */,
				341978E128C25229002536F5 /* NewsTableViewCell.swift */,
			);
			path = NewsFeed;
			sourceTree = "<group>";
		};
		34E2D7BC28C6393B00E39300 /* SavedNewsFeed */ = {
			isa = PBXGroup;
			children = (
				34ABC05528C5FA8A00045ABB /* SavedNewsTableViewController.swift */,
				34E2D7B928C5FF3300E39300 /* SavedNewsTableViewCell.swift */,
			);
			path = SavedNewsFeed;
			sourceTree = "<group>";
		};
		34F4500828C497B800287826 /* Weather */ = {
			isa = PBXGroup;
			children = (
				34F4500928C497C900287826 /* WeatherManager.swift */,
				34F4500B28C497D700287826 /* WeatherData.swift */,
				34F4500D28C4ADE600287826 /* WeatherModel.swift */,
			);
			path = Weather;
			sourceTree = "<group>";
		};
/* End PBXGroup section */

/* Begin PBXNativeTarget section */
		341978AC28C0FDC8002536F5 /* NewNews */ = {
			isa = PBXNativeTarget;
			buildConfigurationList = 341978C428C0FDCB002536F5 /* Build configuration list for PBXNativeTarget "NewNews" */;
			buildPhases = (
				341978A928C0FDC8002536F5 /* Sources */,
				341978AA28C0FDC8002536F5 /* Frameworks */,
				341978AB28C0FDC8002536F5 /* Resources */,
			);
			buildRules = (
			);
			dependencies = (
			);
			name = NewNews;
			packageProductDependencies = (
				341978D728C24BEF002536F5 /* SDWebImage */,
			);
			productName = NewNews;
			productReference = 341978AD28C0FDC8002536F5 /* NewNews.app */;
			productType = "com.apple.product-type.application";
		};
/* End PBXNativeTarget section */

/* Begin PBXProject section */
		341978A528C0FDC8002536F5 /* Project object */ = {
			isa = PBXProject;
			attributes = {
				BuildIndependentTargetsInParallel = 1;
				LastSwiftUpdateCheck = 1340;
				LastUpgradeCheck = 1340;
				TargetAttributes = {
					341978AC28C0FDC8002536F5 = {
						CreatedOnToolsVersion = 13.4.1;
					};
				};
			};
			buildConfigurationList = 341978A828C0FDC8002536F5 /* Build configuration list for PBXProject "NewNews" */;
			compatibilityVersion = "Xcode 13.0";
			developmentRegion = en;
			hasScannedForEncodings = 0;
			knownRegions = (
				en,
				Base,
			);
			mainGroup = 341978A428C0FDC8002536F5;
			packageReferences = (
				341978D628C24BEF002536F5 /* XCRemoteSwiftPackageReference "SDWebImage" */,
			);
			productRefGroup = 341978AE28C0FDC8002536F5 /* Products */;
			projectDirPath = "";
			projectRoot = "";
			targets = (
				341978AC28C0FDC8002536F5 /* NewNews */,
			);
		};
/* End PBXProject section */

/* Begin PBXResourcesBuildPhase section */
		341978AB28C0FDC8002536F5 /* Resources */ = {
			isa = PBXResourcesBuildPhase;
			buildActionMask = 2147483647;
			files = (
				341978C028C0FDCB002536F5 /* LaunchScreen.storyboard in Resources */,
				341978BD28C0FDCB002536F5 /* Assets.xcassets in Resources */,
				341978B828C0FDC8002536F5 /* Main.storyboard in Resources */,
			);
			runOnlyForDeploymentPostprocessing = 0;
		};
/* End PBXResourcesBuildPhase section */

/* Begin PBXSourcesBuildPhase section */
		341978A928C0FDC8002536F5 /* Sources */ = {
			isa = PBXSourcesBuildPhase;
			buildActionMask = 2147483647;
			files = (
				341978B528C0FDC8002536F5 /* NewsFeedViewController.swift in Sources */,
				34D61DC228C8D558004F0B1F /* UITableView.swift in Sources */,
				341978E228C25229002536F5 /* NewsTableViewCell.swift in Sources */,
				34F4500A28C497C900287826 /* WeatherManager.swift in Sources */,
				341978B128C0FDC8002536F5 /* AppDelegate.swift in Sources */,
				34ABC05628C5FA8A00045ABB /* SavedNewsTableViewController.swift in Sources */,
				34E2D7BA28C5FF3300E39300 /* SavedNewsTableViewCell.swift in Sources */,
				341978E428C35C57002536F5 /* SearchNewsViewController.swift in Sources */,
				34F4500C28C497D700287826 /* WeatherData.swift in Sources */,
				3408CE4828C515A10005B663 /* DetailNewsViewController.swift in Sources */,
				3445A67028C3991F004929BD /* NewsCategoryViewController.swift in Sources */,
				3439103128CA7351009455EE /* UIButton.swift in Sources */,
				341978DE28C24D89002536F5 /* NewsData.swift in Sources */,
				341978DC28C24C9B002536F5 /* NewsManager.swift in Sources */,
				34F4501028C4D53800287826 /* DetailWeatherViewController.swift in Sources */,
				3439102F28CA6819009455EE /* UIViewController.swift in Sources */,
				341978B328C0FDC8002536F5 /* SceneDelegate.swift in Sources */,
				34F4500E28C4ADE600287826 /* WeatherModel.swift in Sources */,
				34D61DC428C8D603004F0B1F /* Date.swift in Sources */,
				34ABC05428C5F90F00045ABB /* WebViewController.swift in Sources */,
				341978BB28C0FDC9002536F5 /* NewNews.xcdatamodeld in Sources */,
			);
			runOnlyForDeploymentPostprocessing = 0;
		};
/* End PBXSourcesBuildPhase section */

/* Begin PBXVariantGroup section */
		341978B628C0FDC8002536F5 /* Main.storyboard */ = {
			isa = PBXVariantGroup;
			children = (
				341978B728C0FDC8002536F5 /* Base */,
			);
			name = Main.storyboard;
			sourceTree = "<group>";
		};
		341978BE28C0FDCB002536F5 /* LaunchScreen.storyboard */ = {
			isa = PBXVariantGroup;
			children = (
				341978BF28C0FDCB002536F5 /* Base */,
			);
			name = LaunchScreen.storyboard;
			sourceTree = "<group>";
		};
/* End PBXVariantGroup section */

/* Begin XCBuildConfiguration section */
		341978C228C0FDCB002536F5 /* Debug */ = {
			isa = XCBuildConfiguration;
			buildSettings = {
				ALWAYS_SEARCH_USER_PATHS = NO;
				CLANG_ANALYZER_NONNULL = YES;
				CLANG_ANALYZER_NUMBER_OBJECT_CONVERSION = YES_AGGRESSIVE;
				CLANG_CXX_LANGUAGE_STANDARD = "gnu++17";
				CLANG_ENABLE_MODULES = YES;
				CLANG_ENABLE_OBJC_ARC = YES;
				CLANG_ENABLE_OBJC_WEAK = YES;
				CLANG_WARN_BLOCK_CAPTURE_AUTORELEASING = YES;
				CLANG_WARN_BOOL_CONVERSION = YES;
				CLANG_WARN_COMMA = YES;
				CLANG_WARN_CONSTANT_CONVERSION = YES;
				CLANG_WARN_DEPRECATED_OBJC_IMPLEMENTATIONS = YES;
				CLANG_WARN_DIRECT_OBJC_ISA_USAGE = YES_ERROR;
				CLANG_WARN_DOCUMENTATION_COMMENTS = YES;
				CLANG_WARN_EMPTY_BODY = YES;
				CLANG_WARN_ENUM_CONVERSION = YES;
				CLANG_WARN_INFINITE_RECURSION = YES;
				CLANG_WARN_INT_CONVERSION = YES;
				CLANG_WARN_NON_LITERAL_NULL_CONVERSION = YES;
				CLANG_WARN_OBJC_IMPLICIT_RETAIN_SELF = YES;
				CLANG_WARN_OBJC_LITERAL_CONVERSION = YES;
				CLANG_WARN_OBJC_ROOT_CLASS = YES_ERROR;
				CLANG_WARN_QUOTED_INCLUDE_IN_FRAMEWORK_HEADER = YES;
				CLANG_WARN_RANGE_LOOP_ANALYSIS = YES;
				CLANG_WARN_STRICT_PROTOTYPES = YES;
				CLANG_WARN_SUSPICIOUS_MOVE = YES;
				CLANG_WARN_UNGUARDED_AVAILABILITY = YES_AGGRESSIVE;
				CLANG_WARN_UNREACHABLE_CODE = YES;
				CLANG_WARN__DUPLICATE_METHOD_MATCH = YES;
				COPY_PHASE_STRIP = NO;
				DEBUG_INFORMATION_FORMAT = dwarf;
				ENABLE_STRICT_OBJC_MSGSEND = YES;
				ENABLE_TESTABILITY = YES;
				GCC_C_LANGUAGE_STANDARD = gnu11;
				GCC_DYNAMIC_NO_PIC = NO;
				GCC_NO_COMMON_BLOCKS = YES;
				GCC_OPTIMIZATION_LEVEL = 0;
				GCC_PREPROCESSOR_DEFINITIONS = (
					"DEBUG=1",
					"$(inherited)",
				);
				GCC_WARN_64_TO_32_BIT_CONVERSION = YES;
				GCC_WARN_ABOUT_RETURN_TYPE = YES_ERROR;
				GCC_WARN_UNDECLARED_SELECTOR = YES;
				GCC_WARN_UNINITIALIZED_AUTOS = YES_AGGRESSIVE;
				GCC_WARN_UNUSED_FUNCTION = YES;
				GCC_WARN_UNUSED_VARIABLE = YES;
				IPHONEOS_DEPLOYMENT_TARGET = 15.5;
				MTL_ENABLE_DEBUG_INFO = INCLUDE_SOURCE;
				MTL_FAST_MATH = YES;
				ONLY_ACTIVE_ARCH = YES;
				SDKROOT = iphoneos;
				SWIFT_ACTIVE_COMPILATION_CONDITIONS = DEBUG;
				SWIFT_OPTIMIZATION_LEVEL = "-Onone";
			};
			name = Debug;
		};
		341978C328C0FDCB002536F5 /* Release */ = {
			isa = XCBuildConfiguration;
			buildSettings = {
				ALWAYS_SEARCH_USER_PATHS = NO;
				CLANG_ANALYZER_NONNULL = YES;
				CLANG_ANALYZER_NUMBER_OBJECT_CONVERSION = YES_AGGRESSIVE;
				CLANG_CXX_LANGUAGE_STANDARD = "gnu++17";
				CLANG_ENABLE_MODULES = YES;
				CLANG_ENABLE_OBJC_ARC = YES;
				CLANG_ENABLE_OBJC_WEAK = YES;
				CLANG_WARN_BLOCK_CAPTURE_AUTORELEASING = YES;
				CLANG_WARN_BOOL_CONVERSION = YES;
				CLANG_WARN_COMMA = YES;
				CLANG_WARN_CONSTANT_CONVERSION = YES;
				CLANG_WARN_DEPRECATED_OBJC_IMPLEMENTATIONS = YES;
				CLANG_WARN_DIRECT_OBJC_ISA_USAGE = YES_ERROR;
				CLANG_WARN_DOCUMENTATION_COMMENTS = YES;
				CLANG_WARN_EMPTY_BODY = YES;
				CLANG_WARN_ENUM_CONVERSION = YES;
				CLANG_WARN_INFINITE_RECURSION = YES;
				CLANG_WARN_INT_CONVERSION = YES;
				CLANG_WARN_NON_LITERAL_NULL_CONVERSION = YES;
				CLANG_WARN_OBJC_IMPLICIT_RETAIN_SELF = YES;
				CLANG_WARN_OBJC_LITERAL_CONVERSION = YES;
				CLANG_WARN_OBJC_ROOT_CLASS = YES_ERROR;
				CLANG_WARN_QUOTED_INCLUDE_IN_FRAMEWORK_HEADER = YES;
				CLANG_WARN_RANGE_LOOP_ANALYSIS = YES;
				CLANG_WARN_STRICT_PROTOTYPES = YES;
				CLANG_WARN_SUSPICIOUS_MOVE = YES;
				CLANG_WARN_UNGUARDED_AVAILABILITY = YES_AGGRESSIVE;
				CLANG_WARN_UNREACHABLE_CODE = YES;
				CLANG_WARN__DUPLICATE_METHOD_MATCH = YES;
				COPY_PHASE_STRIP = NO;
				DEBUG_INFORMATION_FORMAT = "dwarf-with-dsym";
				ENABLE_NS_ASSERTIONS = NO;
				ENABLE_STRICT_OBJC_MSGSEND = YES;
				GCC_C_LANGUAGE_STANDARD = gnu11;
				GCC_NO_COMMON_BLOCKS = YES;
				GCC_WARN_64_TO_32_BIT_CONVERSION = YES;
				GCC_WARN_ABOUT_RETURN_TYPE = YES_ERROR;
				GCC_WARN_UNDECLARED_SELECTOR = YES;
				GCC_WARN_UNINITIALIZED_AUTOS = YES_AGGRESSIVE;
				GCC_WARN_UNUSED_FUNCTION = YES;
				GCC_WARN_UNUSED_VARIABLE = YES;
				IPHONEOS_DEPLOYMENT_TARGET = 15.5;
				MTL_ENABLE_DEBUG_INFO = NO;
				MTL_FAST_MATH = YES;
				SDKROOT = iphoneos;
				SWIFT_COMPILATION_MODE = wholemodule;
				SWIFT_OPTIMIZATION_LEVEL = "-O";
				VALIDATE_PRODUCT = YES;
			};
			name = Release;
		};
		341978C528C0FDCB002536F5 /* Debug */ = {
			isa = XCBuildConfiguration;
			buildSettings = {
				ASSETCATALOG_COMPILER_APPICON_NAME = AppIcon;
				ASSETCATALOG_COMPILER_GLOBAL_ACCENT_COLOR_NAME = AccentColor;
				CODE_SIGN_STYLE = Automatic;
				CURRENT_PROJECT_VERSION = 1;
				GENERATE_INFOPLIST_FILE = YES;
				INFOPLIST_FILE = NewNews/Info.plist;
				INFOPLIST_KEY_NSLocationAlwaysAndWhenInUseUsageDescription = "We need your location to get the current weather data for where you are.";
				INFOPLIST_KEY_NSLocationWhenInUseUsageDescription = "We need your location to get the current weather data for where you are.";
				INFOPLIST_KEY_UIApplicationSupportsIndirectInputEvents = YES;
				INFOPLIST_KEY_UILaunchStoryboardName = LaunchScreen;
				INFOPLIST_KEY_UIMainStoryboardFile = Main;
				INFOPLIST_KEY_UISupportedInterfaceOrientations_iPad = "UIInterfaceOrientationPortrait UIInterfaceOrientationPortraitUpsideDown UIInterfaceOrientationLandscapeLeft UIInterfaceOrientationLandscapeRight";
				INFOPLIST_KEY_UISupportedInterfaceOrientations_iPhone = "UIInterfaceOrientationPortrait UIInterfaceOrientationLandscapeLeft UIInterfaceOrientationLandscapeRight";
				LD_RUNPATH_SEARCH_PATHS = (
					"$(inherited)",
					"@executable_path/Frameworks",
				);
				MARKETING_VERSION = 1.0;
				PRODUCT_BUNDLE_IDENTIFIER = com.ValtersSteinblums.NewNews;
				PRODUCT_NAME = "$(TARGET_NAME)";
				SWIFT_EMIT_LOC_STRINGS = YES;
				SWIFT_VERSION = 5.0;
				TARGETED_DEVICE_FAMILY = "1,2";
			};
			name = Debug;
		};
		341978C628C0FDCB002536F5 /* Release */ = {
			isa = XCBuildConfiguration;
			buildSettings = {
				ASSETCATALOG_COMPILER_APPICON_NAME = AppIcon;
				ASSETCATALOG_COMPILER_GLOBAL_ACCENT_COLOR_NAME = AccentColor;
				CODE_SIGN_STYLE = Automatic;
				CURRENT_PROJECT_VERSION = 1;
				GENERATE_INFOPLIST_FILE = YES;
				INFOPLIST_FILE = NewNews/Info.plist;
				INFOPLIST_KEY_NSLocationAlwaysAndWhenInUseUsageDescription = "We need your location to get the current weather data for where you are.";
				INFOPLIST_KEY_NSLocationWhenInUseUsageDescription = "We need your location to get the current weather data for where you are.";
				INFOPLIST_KEY_UIApplicationSupportsIndirectInputEvents = YES;
				INFOPLIST_KEY_UILaunchStoryboardName = LaunchScreen;
				INFOPLIST_KEY_UIMainStoryboardFile = Main;
				INFOPLIST_KEY_UISupportedInterfaceOrientations_iPad = "UIInterfaceOrientationPortrait UIInterfaceOrientationPortraitUpsideDown UIInterfaceOrientationLandscapeLeft UIInterfaceOrientationLandscapeRight";
				INFOPLIST_KEY_UISupportedInterfaceOrientations_iPhone = "UIInterfaceOrientationPortrait UIInterfaceOrientationLandscapeLeft UIInterfaceOrientationLandscapeRight";
				LD_RUNPATH_SEARCH_PATHS = (
					"$(inherited)",
					"@executable_path/Frameworks",
				);
				MARKETING_VERSION = 1.0;
				PRODUCT_BUNDLE_IDENTIFIER = com.ValtersSteinblums.NewNews;
				PRODUCT_NAME = "$(TARGET_NAME)";
				SWIFT_EMIT_LOC_STRINGS = YES;
				SWIFT_VERSION = 5.0;
				TARGETED_DEVICE_FAMILY = "1,2";
			};
			name = Release;
		};
/* End XCBuildConfiguration section */

/* Begin XCConfigurationList section */
		341978A828C0FDC8002536F5 /* Build configuration list for PBXProject "NewNews" */ = {
			isa = XCConfigurationList;
			buildConfigurations = (
				341978C228C0FDCB002536F5 /* Debug */,
				341978C328C0FDCB002536F5 /* Release */,
			);
			defaultConfigurationIsVisible = 0;
			defaultConfigurationName = Release;
		};
		341978C428C0FDCB002536F5 /* Build configuration list for PBXNativeTarget "NewNews" */ = {
			isa = XCConfigurationList;
			buildConfigurations = (
				341978C528C0FDCB002536F5 /* Debug */,
				341978C628C0FDCB002536F5 /* Release */,
			);
			defaultConfigurationIsVisible = 0;
			defaultConfigurationName = Release;
		};
/* End XCConfigurationList section */

/* Begin XCRemoteSwiftPackageReference section */
		341978D628C24BEF002536F5 /* XCRemoteSwiftPackageReference "SDWebImage" */ = {
			isa = XCRemoteSwiftPackageReference;
			repositoryURL = "https://github.com/SDWebImage/SDWebImage.git";
			requirement = {
				branch = master;
				kind = branch;
			};
		};
/* End XCRemoteSwiftPackageReference section */

/* Begin XCSwiftPackageProductDependency section */
		341978D728C24BEF002536F5 /* SDWebImage */ = {
			isa = XCSwiftPackageProductDependency;
			package = 341978D628C24BEF002536F5 /* XCRemoteSwiftPackageReference "SDWebImage" */;
			productName = SDWebImage;
		};
/* End XCSwiftPackageProductDependency section */

/* Begin XCVersionGroup section */
		341978B928C0FDC9002536F5 /* NewNews.xcdatamodeld */ = {
			isa = XCVersionGroup;
			children = (
				341978BA28C0FDC9002536F5 /* NewNews.xcdatamodel */,
			);
			currentVersion = 341978BA28C0FDC9002536F5 /* NewNews.xcdatamodel */;
			path = NewNews.xcdatamodeld;
			sourceTree = "<group>";
			versionGroupType = wrapper.xcdatamodel;
		};
/* End XCVersionGroup section */
	};
	rootObject = 341978A528C0FDC8002536F5 /* Project object */;
}
